
Microsoft Visual Studio Solution File, Format Version 12.00
# Visual Studio Version 16
VisualStudioVersion = 16.0.30611.23
MinimumVisualStudioVersion = 10.0.40219.1
Project("{FAE04EC0-301F-11D3-BF4B-00C04F79EFBC}") = "azure-image-rekognition", "azure-image-rekognition\azure-image-rekognition.csproj", "{3B9C60AC-F9D7-4547-B0BF-7599DD6CA819}"
EndProject
Project("{2150E333-8FDC-42A3-9474-1A3956D46DE8}") = "Solution Items", "Solution Items", "{32E651F5-C7EC-42CF-9837-2AE6374B2612}"
	ProjectSection(SolutionItems) = preProject
		README.md = README.md
	EndProjectSection
EndProject
Global
	GlobalSection(SolutionConfigurationPlatforms) = preSolution
		Debug|Any CPU = Debug|Any CPU
		Release|Any CPU = Release|Any CPU
	EndGlobalSection
	GlobalSection(ProjectConfigurationPlatforms) = postSolution
		{3B9C60AC-F9D7-4547-B0BF-7599DD6CA819}.Debug|Any CPU.ActiveCfg = Debug|Any CPU
		{3B9C60AC-F9D7-4547-B0BF-7599DD6CA819}.Debug|Any CPU.Build.0 = Debug|Any CPU
		{3B9C60AC-F9D7-4547-B0BF-7599DD6CA819}.Release|Any CPU.ActiveCfg = Release|Any CPU
		{3B9C60AC-F9D7-4547-B0BF-7599DD6CA819}.Release|Any CPU.Build.0 = Release|Any CPU
	EndGlobalSection
	GlobalSection(SolutionProperties) = preSolution
		HideSolutionNode = FALSE
	EndGlobalSection
	GlobalSection(ExtensibilityGlobals) = postSolution
		SolutionGuid = {0212D65D-915B-49DF-BF95-49B13F5571DA}
	EndGlobalSection
EndGlobal
